
Microsoft Visual Studio Solution File, Format Version 12.00
# Visual Studio Version 16
VisualStudioVersion = 16.0.28714.193
MinimumVisualStudioVersion = 10.0.40219.1
Project("{FAE04EC0-301F-11D3-BF4B-00C04F79EFBC}") = "SharedLib", "SharedLib\SharedLib.csproj", "{A249D256-A125-4150-8666-F3D56DDB76E7}"
EndProject
Project("{FAE04EC0-301F-11D3-BF4B-00C04F79EFBC}") = "Tester", "Tester\Tester.csproj", "{7186D897-7AC2-4C52-A01A-2FEE8422D59C}"
EndProject
Global
	GlobalSection(SolutionConfigurationPlatforms) = preSolution
		Debug|Any CPU = Debug|Any CPU
		Release|Any CPU = Release|Any CPU
	EndGlobalSection
	GlobalSection(ProjectConfigurationPlatforms) = postSolution
		{A249D256-A125-4150-8666-F3D56DDB76E7}.Debug|Any CPU.ActiveCfg = Debug|Any CPU
		{A249D256-A125-4150-8666-F3D56DDB76E7}.Debug|Any CPU.Build.0 = Debug|Any CPU
		{A249D256-A125-4150-8666-F3D56DDB76E7}.Release|Any CPU.ActiveCfg = Release|Any CPU
		{A249D256-A125-4150-8666-F3D56DDB76E7}.Release|Any CPU.Build.0 = Release|Any CPU
		{7186D897-7AC2-4C52-A01A-2FEE8422D59C}.Debug|Any CPU.ActiveCfg = Debug|Any CPU
		{7186D897-7AC2-4C52-A01A-2FEE8422D59C}.Debug|Any CPU.Build.0 = Debug|Any CPU
		{7186D897-7AC2-4C52-A01A-2FEE8422D59C}.Release|Any CPU.ActiveCfg = Release|Any CPU
		{7186D897-7AC2-4C52-A01A-2FEE8422D59C}.Release|Any CPU.Build.0 = Release|Any CPU
	EndGlobalSection
	GlobalSection(SolutionProperties) = preSolution
		HideSolutionNode = FALSE
	EndGlobalSection
	GlobalSection(ExtensibilityGlobals) = postSolution
		SolutionGuid = {3017E697-7BD1-4EC7-94D0-F2D72C7E455C}
	EndGlobalSection
EndGlobal
