
Microsoft Visual Studio Solution File, Format Version 12.00
# Visual Studio 15
VisualStudioVersion = 15.0.28010.2050
MinimumVisualStudioVersion = 10.0.40219.1
Project("{FAE04EC0-301F-11D3-BF4B-00C04F79EFBC}") = "Lab 1", "Lab 1\Lab 1.csproj", "{348CB718-44E8-4426-AD1E-D63594CB60BA}"
EndProject
Global
	GlobalSection(SolutionConfigurationPlatforms) = preSolution
		Debug|Any CPU = Debug|Any CPU
		Release|Any CPU = Release|Any CPU
	EndGlobalSection
	GlobalSection(ProjectConfigurationPlatforms) = postSolution
		{348CB718-44E8-4426-AD1E-D63594CB60BA}.Debug|Any CPU.ActiveCfg = Debug|Any CPU
		{348CB718-44E8-4426-AD1E-D63594CB60BA}.Debug|Any CPU.Build.0 = Debug|Any CPU
		{348CB718-44E8-4426-AD1E-D63594CB60BA}.Release|Any CPU.ActiveCfg = Release|Any CPU
		{348CB718-44E8-4426-AD1E-D63594CB60BA}.Release|Any CPU.Build.0 = Release|Any CPU
	EndGlobalSection
	GlobalSection(SolutionProperties) = preSolution
		HideSolutionNode = FALSE
	EndGlobalSection
	GlobalSection(ExtensibilityGlobals) = postSolution
		SolutionGuid = {7E1D5E2D-EA4B-4D62-8F2C-062E5A9E0013}
	EndGlobalSection
EndGlobal
